Microsoft Visual Studio Solution File, Format Version 11.00
# Visual Studio 2008

Project("{1AD4E63E-A886-B619-67EB-D5EFB077AC7D}") = "shoeCommunication", "Assembly-CSharp-firstpass-vs.csproj", "{F2D8BFEC-85F8-B56A-FE8E-18B0AF474143}"
EndProject
Project("{1AD4E63E-A886-B619-67EB-D5EFB077AC7D}") = "shoeCommunication", "Assembly-CSharp-vs.csproj", "{E4C4D2D0-10AF-73B2-1561-78D7693DCEDF}"
EndProject
Global
	GlobalSection(SolutionConfigurationPlatforms) = preSolution
		Debug|Any CPU = Debug|Any CPU
		Release|Any CPU = Release|Any CPU
	EndGlobalSection
	GlobalSection(ProjectConfigurationPlatforms) = postSolution
		{F2D8BFEC-85F8-B56A-FE8E-18B0AF474143}.Debug|Any CPU.ActiveCfg = Debug|Any CPU
		{F2D8BFEC-85F8-B56A-FE8E-18B0AF474143}.Debug|Any CPU.Build.0 = Debug|Any CPU
		{F2D8BFEC-85F8-B56A-FE8E-18B0AF474143}.Release|Any CPU.ActiveCfg = Release|Any CPU
		{F2D8BFEC-85F8-B56A-FE8E-18B0AF474143}.Release|Any CPU.Build.0 = Release|Any CPU
		{E4C4D2D0-10AF-73B2-1561-78D7693DCEDF}.Debug|Any CPU.ActiveCfg = Debug|Any CPU
		{E4C4D2D0-10AF-73B2-1561-78D7693DCEDF}.Debug|Any CPU.Build.0 = Debug|Any CPU
		{E4C4D2D0-10AF-73B2-1561-78D7693DCEDF}.Release|Any CPU.ActiveCfg = Release|Any CPU
		{E4C4D2D0-10AF-73B2-1561-78D7693DCEDF}.Release|Any CPU.Build.0 = Release|Any CPU
	EndGlobalSection
	GlobalSection(SolutionProperties) = preSolution
		HideSolutionNode = FALSE
	EndGlobalSection
				GlobalSection(MonoDevelopProperties) = preSolution
		StartupItem = Assembly-CSharp.csproj
		Policies = $0
		$0.TextStylePolicy = $1
		$1.inheritsSet = null
		$1.scope = text/x-csharp
		$0.CSharpFormattingPolicy = $2
		$2.inheritsSet = Mono
		$2.inheritsScope = text/x-csharp
		$2.scope = text/x-csharp
		$0.TextStylePolicy = $3
		$3.FileWidth = 120
		$3.TabWidth = 4
		$3.EolMarker = Unix
		$3.inheritsSet = Mono
		$3.inheritsScope = text/plain
		$3.scope = text/plain
	EndGlobalSection

EndGlobal
